
Microsoft Visual Studio Solution File, Format Version 12.00
# Visual Studio Version 17
VisualStudioVersion = 17.10.35013.160
MinimumVisualStudioVersion = 10.0.40219.1
Project("{FAE04EC0-301F-11D3-BF4B-00C04F79EFBC}") = "atividade01", "atividade01\atividade01.csproj", "{6FAC89B0-A550-405C-A75E-3E5E0E0294AC}"
EndProject
Global
	GlobalSection(SolutionConfigurationPlatforms) = preSolution
		Debug|Any CPU = Debug|Any CPU
		Release|Any CPU = Release|Any CPU
	EndGlobalSection
	GlobalSection(ProjectConfigurationPlatforms) = postSolution
		{6FAC89B0-A550-405C-A75E-3E5E0E0294AC}.Debug|Any CPU.ActiveCfg = Debug|Any CPU
		{6FAC89B0-A550-405C-A75E-3E5E0E0294AC}.Debug|Any CPU.Build.0 = Debug|Any CPU
		{6FAC89B0-A550-405C-A75E-3E5E0E0294AC}.Release|Any CPU.ActiveCfg = Release|Any CPU
		{6FAC89B0-A550-405C-A75E-3E5E0E0294AC}.Release|Any CPU.Build.0 = Release|Any CPU
	EndGlobalSection
	GlobalSection(SolutionProperties) = preSolution
		HideSolutionNode = FALSE
	EndGlobalSection
	GlobalSection(ExtensibilityGlobals) = postSolution
		SolutionGuid = {D84603A8-919A-496F-AE24-C763E45B34F2}
	EndGlobalSection
EndGlobal
